
Microsoft Visual Studio Solution File, Format Version 12.00
# Visual Studio Version 16
VisualStudioVersion = 16.0.31624.102
MinimumVisualStudioVersion = 10.0.40219.1
Project("{FAE04EC0-301F-11D3-BF4B-00C04F79EFBC}") = "RecursionPeople", "RecursionPeople\RecursionPeople.csproj", "{B8987680-181E-4CC3-81A0-702528DB35CA}"
EndProject
Project("{FAE04EC0-301F-11D3-BF4B-00C04F79EFBC}") = "RecursionPeople.Test", "RecursionPeople.Test\RecursionPeople.Test.csproj", "{84699798-6E1B-4616-86C3-B87BE0DA62DB}"
EndProject
Global
	GlobalSection(SolutionConfigurationPlatforms) = preSolution
		Debug|Any CPU = Debug|Any CPU
		Release|Any CPU = Release|Any CPU
	EndGlobalSection
	GlobalSection(ProjectConfigurationPlatforms) = postSolution
		{B8987680-181E-4CC3-81A0-702528DB35CA}.Debug|Any CPU.ActiveCfg = Debug|Any CPU
		{B8987680-181E-4CC3-81A0-702528DB35CA}.Debug|Any CPU.Build.0 = Debug|Any CPU
		{B8987680-181E-4CC3-81A0-702528DB35CA}.Release|Any CPU.ActiveCfg = Release|Any CPU
		{B8987680-181E-4CC3-81A0-702528DB35CA}.Release|Any CPU.Build.0 = Release|Any CPU
		{84699798-6E1B-4616-86C3-B87BE0DA62DB}.Debug|Any CPU.ActiveCfg = Debug|Any CPU
		{84699798-6E1B-4616-86C3-B87BE0DA62DB}.Debug|Any CPU.Build.0 = Debug|Any CPU
		{84699798-6E1B-4616-86C3-B87BE0DA62DB}.Release|Any CPU.ActiveCfg = Release|Any CPU
		{84699798-6E1B-4616-86C3-B87BE0DA62DB}.Release|Any CPU.Build.0 = Release|Any CPU
	EndGlobalSection
	GlobalSection(SolutionProperties) = preSolution
		HideSolutionNode = FALSE
	EndGlobalSection
	GlobalSection(ExtensibilityGlobals) = postSolution
		SolutionGuid = {C87D5B9B-CDE1-46D6-AD01-9F0EBA8D1F3D}
	EndGlobalSection
EndGlobal
